
Microsoft Visual Studio Solution File, Format Version 12.00
# Visual Studio Version 17
VisualStudioVersion = 17.5.002.0
MinimumVisualStudioVersion = 10.0.40219.1
Project("{9A19103F-16F7-4668-BE54-9A1E7A4F7556}") = "tess_thomas_dotnetapp", "tess_thomas_dotnetapp.csproj", "{7EBFD2DE-C067-4785-8205-2E8D51229B76}"
EndProject
Global
	GlobalSection(SolutionConfigurationPlatforms) = preSolution
		Debug|Any CPU = Debug|Any CPU
		Release|Any CPU = Release|Any CPU
	EndGlobalSection
	GlobalSection(ProjectConfigurationPlatforms) = postSolution
		{7EBFD2DE-C067-4785-8205-2E8D51229B76}.Debug|Any CPU.ActiveCfg = Debug|Any CPU
		{7EBFD2DE-C067-4785-8205-2E8D51229B76}.Debug|Any CPU.Build.0 = Debug|Any CPU
		{7EBFD2DE-C067-4785-8205-2E8D51229B76}.Release|Any CPU.ActiveCfg = Release|Any CPU
		{7EBFD2DE-C067-4785-8205-2E8D51229B76}.Release|Any CPU.Build.0 = Release|Any CPU
	EndGlobalSection
	GlobalSection(SolutionProperties) = preSolution
		HideSolutionNode = FALSE
	EndGlobalSection
	GlobalSection(ExtensibilityGlobals) = postSolution
		SolutionGuid = {1B92F923-8A6D-4D18-93AA-7D491ED7AAF7}
	EndGlobalSection
EndGlobal
